
Microsoft Visual Studio Solution File, Format Version 12.00
# Visual Studio Version 17
VisualStudioVersion = 17.7.34031.279
MinimumVisualStudioVersion = 10.0.40219.1
Project("{FAE04EC0-301F-11D3-BF4B-00C04F79EFBC}") = "Modul11", "Modul11\Modul11.csproj", "{86F0F0E6-2075-4555-8A3C-373FF1994161}"
EndProject
Global
	GlobalSection(SolutionConfigurationPlatforms) = preSolution
		Debug|Any CPU = Debug|Any CPU
		Release|Any CPU = Release|Any CPU
	EndGlobalSection
	GlobalSection(ProjectConfigurationPlatforms) = postSolution
		{86F0F0E6-2075-4555-8A3C-373FF1994161}.Debug|Any CPU.ActiveCfg = Debug|Any CPU
		{86F0F0E6-2075-4555-8A3C-373FF1994161}.Debug|Any CPU.Build.0 = Debug|Any CPU
		{86F0F0E6-2075-4555-8A3C-373FF1994161}.Release|Any CPU.ActiveCfg = Release|Any CPU
		{86F0F0E6-2075-4555-8A3C-373FF1994161}.Release|Any CPU.Build.0 = Release|Any CPU
	EndGlobalSection
	GlobalSection(SolutionProperties) = preSolution
		HideSolutionNode = FALSE
	EndGlobalSection
	GlobalSection(ExtensibilityGlobals) = postSolution
		SolutionGuid = {CBED21A5-979E-4CCF-880F-898F13F07412}
	EndGlobalSection
EndGlobal
